// !$*UTF8*$!
{
	archiveVersion = 1;
	classes = {
	};
	objectVersion = 50;
	objects = {

/* Begin PBXBuildFile section */
		BFB3BFB422C630C400615E6E /* AppDelegate.swift in Sources */ = {isa = PBXBuildFile; fileRef = BFB3BFB322C630C400615E6E /* AppDelegate.swift */; };
		BFB3BFB622C630C400615E6E /* MasterViewController.swift in Sources */ = {isa = PBXBuildFile; fileRef = BFB3BFB522C630C400615E6E /* MasterViewController.swift */; };
		BFB3BFB922C630C400615E6E /* MasterView.storyboard in Resources */ = {isa = PBXBuildFile; fileRef = BFB3BFB722C630C400615E6E /* MasterView.storyboard */; };
		BFB3BFBC22C630C400615E6E /* Peter_s_Project.xcdatamodeld in Sources */ = {isa = PBXBuildFile; fileRef = BFB3BFBA22C630C400615E6E /* Peter_s_Project.xcdatamodeld */; };
		BFB3BFBE22C630C600615E6E /* Assets.xcassets in Resources */ = {isa = PBXBuildFile; fileRef = BFB3BFBD22C630C600615E6E /* Assets.xcassets */; };
		BFB3BFC122C630C600615E6E /* LaunchScreen.storyboard in Resources */ = {isa = PBXBuildFile; fileRef = BFB3BFBF22C630C600615E6E /* LaunchScreen.storyboard */; };
		BFB3BFCC22C630C600615E6E /* Peter_s_ProjectTests.swift in Sources */ = {isa = PBXBuildFile; fileRef = BFB3BFCB22C630C600615E6E /* Peter_s_ProjectTests.swift */; };
		BFB3BFD722C630C600615E6E /* Peter_s_ProjectUITests.swift in Sources */ = {isa = PBXBuildFile; fileRef = BFB3BFD622C630C600615E6E /* Peter_s_ProjectUITests.swift */; };
		BFB3BFEE22C6333F00615E6E /* ViewOne.storyboard in Resources */ = {isa = PBXBuildFile; fileRef = BFB3BFED22C6333F00615E6E /* ViewOne.storyboard */; };
		BFB3BFF022C6337A00615E6E /* ViewTwo.storyboard in Resources */ = {isa = PBXBuildFile; fileRef = BFB3BFEF22C6337A00615E6E /* ViewTwo.storyboard */; };
		BFB3BFF222C6338800615E6E /* ViewThree.storyboard in Resources */ = {isa = PBXBuildFile; fileRef = BFB3BFF122C6338800615E6E /* ViewThree.storyboard */; };
		BFB3BFF422C6339300615E6E /* ViewFour.storyboard in Resources */ = {isa = PBXBuildFile; fileRef = BFB3BFF322C6339300615E6E /* ViewFour.storyboard */; };
		BFB3BFF622C633A200615E6E /* ViewFive.storyboard in Resources */ = {isa = PBXBuildFile; fileRef = BFB3BFF522C633A200615E6E /* ViewFive.storyboard */; };
		BFB3BFFD22C6348E00615E6E /* TabViewA.storyboard in Resources */ = {isa = PBXBuildFile; fileRef = BFB3BFFC22C6348E00615E6E /* TabViewA.storyboard */; };
		BFB3BFFF22C6349C00615E6E /* TabViewB.storyboard in Resources */ = {isa = PBXBuildFile; fileRef = BFB3BFFE22C6349C00615E6E /* TabViewB.storyboard */; };
		BFB3C00122C634A500615E6E /* TabViewC.storyboard in Resources */ = {isa = PBXBuildFile; fileRef = BFB3C00022C634A500615E6E /* TabViewC.storyboard */; };
		BFB3C00322C634B000615E6E /* TabViewD.storyboard in Resources */ = {isa = PBXBuildFile; fileRef = BFB3C00222C634B000615E6E /* TabViewD.storyboard */; };
		BFB3C00722C634E800615E6E /* TabViewBViewController.swift in Sources */ = {isa = PBXBuildFile; fileRef = BFB3C00622C634E800615E6E /* TabViewBViewController.swift */; };
		BFB3C00922C634F900615E6E /* TabViewAViewController.swift in Sources */ = {isa = PBXBuildFile; fileRef = BFB3C00822C634F900615E6E /* TabViewAViewController.swift */; };
		BFB3C00B22C6350700615E6E /* TabViewCViewController.swift in Sources */ = {isa = PBXBuildFile; fileRef = BFB3C00A22C6350700615E6E /* TabViewCViewController.swift */; };
		BFB3C00D22C6351400615E6E /* TabViewDViewController.swift in Sources */ = {isa = PBXBuildFile; fileRef = BFB3C00C22C6351400615E6E /* TabViewDViewController.swift */; };
		BFB3C00F22C6354D00615E6E /* ViewOneViewController.swift in Sources */ = {isa = PBXBuildFile; fileRef = BFB3C00E22C6354D00615E6E /* ViewOneViewController.swift */; };
		BFB3C01122C6355B00615E6E /* ViewTwoViewController.swift in Sources */ = {isa = PBXBuildFile; fileRef = BFB3C01022C6355B00615E6E /* ViewTwoViewController.swift */; };
		BFB3C01322C6356600615E6E /* ViewThreeViewController.swift in Sources */ = {isa = PBXBuildFile; fileRef = BFB3C01222C6356600615E6E /* ViewThreeViewController.swift */; };
		BFB3C01522C6357200615E6E /* ViewFourViewController.swift in Sources */ = {isa = PBXBuildFile; fileRef = BFB3C01422C6357200615E6E /* ViewFourViewController.swift */; };
		BFB3C01722C6357D00615E6E /* ViewFiveViewController.swift in Sources */ = {isa = PBXBuildFile; fileRef = BFB3C01622C6357D00615E6E /* ViewFiveViewController.swift */; };
		BFB3C01A22C637C700615E6E /* ViewTwoContainerViewController.swift in Sources */ = {isa = PBXBuildFile; fileRef = BFB3C01922C637C700615E6E /* ViewTwoContainerViewController.swift */; };
		BFB3C01C22C637F000615E6E /* ViewTwoContainer.storyboard in Resources */ = {isa = PBXBuildFile; fileRef = BFB3C01B22C637F000615E6E /* ViewTwoContainer.storyboard */; };
		BFB3C02122C639F400615E6E /* ViewOneAlphaViewController.swift in Sources */ = {isa = PBXBuildFile; fileRef = BFB3C02022C639F400615E6E /* ViewOneAlphaViewController.swift */; };
		BFB3C02322C63A0B00615E6E /* ViewOneAlpha.storyboard in Resources */ = {isa = PBXBuildFile; fileRef = BFB3C02222C63A0B00615E6E /* ViewOneAlpha.storyboard */; };
		BFB3C02622C63C6600615E6E /* ViewTwoBravo.storyboard in Resources */ = {isa = PBXBuildFile; fileRef = BFB3C02522C63C6600615E6E /* ViewTwoBravo.storyboard */; };
		BFB3C02822C63C7900615E6E /* ViewTwoBravoViewController.swift in Sources */ = {isa = PBXBuildFile; fileRef = BFB3C02722C63C7900615E6E /* ViewTwoBravoViewController.swift */; };
		BFB3C02B22C63CC500615E6E /* ViewTwoAlpha.storyboard in Resources */ = {isa = PBXBuildFile; fileRef = BFB3C02A22C63CC500615E6E /* ViewTwoAlpha.storyboard */; };
		BFB3C02D22C63CE000615E6E /* ViewTwoAlphaViewController.swift in Sources */ = {isa = PBXBuildFile; fileRef = BFB3C02C22C63CE000615E6E /* ViewTwoAlphaViewController.swift */; };
		BFB3C03422C6428E00615E6E /* PageOne.storyboard in Resources */ = {isa = PBXBuildFile; fileRef = BFB3C03322C6428E00615E6E /* PageOne.storyboard */; };
		BFB3C03622C6429C00615E6E /* PageTwo.storyboard in Resources */ = {isa = PBXBuildFile; fileRef = BFB3C03522C6429B00615E6E /* PageTwo.storyboard */; };
		BFB3C03822C642A600615E6E /* PageThree.storyboard in Resources */ = {isa = PBXBuildFile; fileRef = BFB3C03722C642A600615E6E /* PageThree.storyboard */; };
		BFB3C03A22C642B300615E6E /* PageOneViewController.swift in Sources */ = {isa = PBXBuildFile; fileRef = BFB3C03922C642B300615E6E /* PageOneViewController.swift */; };
		BFB3C03E22C642CB00615E6E /* PageThreeViewController.swift in Sources */ = {isa = PBXBuildFile; fileRef = BFB3C03D22C642CB00615E6E /* PageThreeViewController.swift */; };
		BFB3C04022C6438E00615E6E /* PageTwoTableViewController.swift in Sources */ = {isa = PBXBuildFile; fileRef = BFB3C03F22C6438E00615E6E /* PageTwoTableViewController.swift */; };
		BFB3C04522C64B9900615E6E /* ViewThreeContainer.storyboard in Resources */ = {isa = PBXBuildFile; fileRef = BFB3C04422C64B9900615E6E /* ViewThreeContainer.storyboard */; };
		BFB3C04922C64BF300615E6E /* ViewThreeContainerViewController.swift in Sources */ = {isa = PBXBuildFile; fileRef = BFB3C04822C64BF300615E6E /* ViewThreeContainerViewController.swift */; };
		BFB3C04B22C64C2100615E6E /* ViewFourContainer.storyboard in Resources */ = {isa = PBXBuildFile; fileRef = BFB3C04A22C64C2100615E6E /* ViewFourContainer.storyboard */; };
		BFB3C04D22C64C3200615E6E /* ViewFourContainerViewController.swift in Sources */ = {isa = PBXBuildFile; fileRef = BFB3C04C22C64C3200615E6E /* ViewFourContainerViewController.swift */; };
		BFB3C04F22C64C6400615E6E /* ViewFiveContainer.storyboard in Resources */ = {isa = PBXBuildFile; fileRef = BFB3C04E22C64C6400615E6E /* ViewFiveContainer.storyboard */; };
		BFB3C05122C64C7200615E6E /* ViewFiveContainerViewController.swift in Sources */ = {isa = PBXBuildFile; fileRef = BFB3C05022C64C7200615E6E /* ViewFiveContainerViewController.swift */; };
/* End PBXBuildFile section */

/* Begin PBXContainerItemProxy section */
		BFB3BFC822C630C600615E6E /* PBXContainerItemProxy */ = {
			isa = PBXContainerItemProxy;
			containerPortal = BFB3BFA822C630C400615E6E /* Project object */;
			proxyType = 1;
			remoteGlobalIDString = BFB3BFAF22C630C400615E6E;
			remoteInfo = "Peter's Project";
		};
		BFB3BFD322C630C600615E6E /* PBXContainerItemProxy */ = {
			isa = PBXContainerItemProxy;
			containerPortal = BFB3BFA822C630C400615E6E /* Project object */;
			proxyType = 1;
			remoteGlobalIDString = BFB3BFAF22C630C400615E6E;
			remoteInfo = "Peter's Project";
		};
/* End PBXContainerItemProxy section */

/* Begin PBXFileReference section */
		BFB3BFB022C630C400615E6E /* Peter's Project.app */ = {isa = PBXFileReference; explicitFileType = wrapper.application; includeInIndex = 0; path = "Peter's Project.app"; sourceTree = BUILT_PRODUCTS_DIR; };
		BFB3BFB322C630C400615E6E /* AppDelegate.swift */ = {isa = PBXFileReference; lastKnownFileType = sourcecode.swift; path = AppDelegate.swift; sourceTree = "<group>"; };
		BFB3BFB522C630C400615E6E /* MasterViewController.swift */ = {isa = PBXFileReference; lastKnownFileType = sourcecode.swift; path = MasterViewController.swift; sourceTree = "<group>"; };
		BFB3BFB822C630C400615E6E /* Base */ = {isa = PBXFileReference; lastKnownFileType = file.storyboard; name = Base; path = Base.lproj/MasterView.storyboard; sourceTree = "<group>"; };
		BFB3BFBB22C630C400615E6E /* Peter_s_Project.xcdatamodel */ = {isa = PBXFileReference; lastKnownFileType = wrapper.xcdatamodel; path = Peter_s_Project.xcdatamodel; sourceTree = "<group>"; };
		BFB3BFBD22C630C600615E6E /* Assets.xcassets */ = {isa = PBXFileReference; lastKnownFileType = folder.assetcatalog; path = Assets.xcassets; sourceTree = "<group>"; };
		BFB3BFC022C630C600615E6E /* Base */ = {isa = PBXFileReference; lastKnownFileType = file.storyboard; name = Base; path = Base.lproj/LaunchScreen.storyboard; sourceTree = "<group>"; };
		BFB3BFC222C630C600615E6E /* Info.plist */ = {isa = PBXFileReference; lastKnownFileType = text.plist.xml; path = Info.plist; sourceTree = "<group>"; };
		BFB3BFC722C630C600615E6E /* Peter's ProjectTests.xctest */ = {isa = PBXFileReference; explicitFileType = wrapper.cfbundle; includeInIndex = 0; path = "Peter's ProjectTests.xctest"; sourceTree = BUILT_PRODUCTS_DIR; };
		BFB3BFCB22C630C600615E6E /* Peter_s_ProjectTests.swift */ = {isa = PBXFileReference; lastKnownFileType = sourcecode.swift; path = Peter_s_ProjectTests.swift; sourceTree = "<group>"; };
		BFB3BFCD22C630C600615E6E /* Info.plist */ = {isa = PBXFileReference; lastKnownFileType = text.plist.xml; path = Info.plist; sourceTree = "<group>"; };
		BFB3BFD222C630C600615E6E /* Peter's ProjectUITests.xctest */ = {isa = PBXFileReference; explicitFileType = wrapper.cfbundle; includeInIndex = 0; path = "Peter's ProjectUITests.xctest"; sourceTree = BUILT_PRODUCTS_DIR; };
		BFB3BFD622C630C600615E6E /* Peter_s_ProjectUITests.swift */ = {isa = PBXFileReference; lastKnownFileType = sourcecode.swift; path = Peter_s_ProjectUITests.swift; sourceTree = "<group>"; };
		BFB3BFD822C630C600615E6E /* Info.plist */ = {isa = PBXFileReference; lastKnownFileType = text.plist.xml; path = Info.plist; sourceTree = "<group>"; };
		BFB3BFED22C6333F00615E6E /* ViewOne.storyboard */ = {isa = PBXFileReference; lastKnownFileType = file.storyboard; path = ViewOne.storyboard; sourceTree = "<group>"; };
		BFB3BFEF22C6337A00615E6E /* ViewTwo.storyboard */ = {isa = PBXFileReference; lastKnownFileType = file.storyboard; path = ViewTwo.storyboard; sourceTree = "<group>"; };
		BFB3BFF122C6338800615E6E /* ViewThree.storyboard */ = {isa = PBXFileReference; lastKnownFileType = file.storyboard; path = ViewThree.storyboard; sourceTree = "<group>"; };
		BFB3BFF322C6339300615E6E /* ViewFour.storyboard */ = {isa = PBXFileReference; lastKnownFileType = file.storyboard; path = ViewFour.storyboard; sourceTree = "<group>"; };
		BFB3BFF522C633A200615E6E /* ViewFive.storyboard */ = {isa = PBXFileReference; lastKnownFileType = file.storyboard; path = ViewFive.storyboard; sourceTree = "<group>"; };
		BFB3BFFC22C6348E00615E6E /* TabViewA.storyboard */ = {isa = PBXFileReference; lastKnownFileType = file.storyboard; path = TabViewA.storyboard; sourceTree = "<group>"; };
		BFB3BFFE22C6349C00615E6E /* TabViewB.storyboard */ = {isa = PBXFileReference; lastKnownFileType = file.storyboard; path = TabViewB.storyboard; sourceTree = "<group>"; };
		BFB3C00022C634A500615E6E /* TabViewC.storyboard */ = {isa = PBXFileReference; lastKnownFileType = file.storyboard; path = TabViewC.storyboard; sourceTree = "<group>"; };
		BFB3C00222C634B000615E6E /* TabViewD.storyboard */ = {isa = PBXFileReference; lastKnownFileType = file.storyboard; path = TabViewD.storyboard; sourceTree = "<group>"; };
		BFB3C00622C634E800615E6E /* TabViewBViewController.swift */ = {isa = PBXFileReference; lastKnownFileType = sourcecode.swift; path = TabViewBViewController.swift; sourceTree = "<group>"; };
		BFB3C00822C634F900615E6E /* TabViewAViewController.swift */ = {isa = PBXFileReference; lastKnownFileType = sourcecode.swift; path = TabViewAViewController.swift; sourceTree = "<group>"; };
		BFB3C00A22C6350700615E6E /* TabViewCViewController.swift */ = {isa = PBXFileReference; lastKnownFileType = sourcecode.swift; path = TabViewCViewController.swift; sourceTree = "<group>"; };
		BFB3C00C22C6351400615E6E /* TabViewDViewController.swift */ = {isa = PBXFileReference; lastKnownFileType = sourcecode.swift; path = TabViewDViewController.swift; sourceTree = "<group>"; };
		BFB3C00E22C6354D00615E6E /* ViewOneViewController.swift */ = {isa = PBXFileReference; lastKnownFileType = sourcecode.swift; path = ViewOneViewController.swift; sourceTree = "<group>"; };
		BFB3C01022C6355B00615E6E /* ViewTwoViewController.swift */ = {isa = PBXFileReference; lastKnownFileType = sourcecode.swift; path = ViewTwoViewController.swift; sourceTree = "<group>"; };
		BFB3C01222C6356600615E6E /* ViewThreeViewController.swift */ = {isa = PBXFileReference; lastKnownFileType = sourcecode.swift; path = ViewThreeViewController.swift; sourceTree = "<group>"; };
		BFB3C01422C6357200615E6E /* ViewFourViewController.swift */ = {isa = PBXFileReference; lastKnownFileType = sourcecode.swift; path = ViewFourViewController.swift; sourceTree = "<group>"; };
		BFB3C01622C6357D00615E6E /* ViewFiveViewController.swift */ = {isa = PBXFileReference; lastKnownFileType = sourcecode.swift; path = ViewFiveViewController.swift; sourceTree = "<group>"; };
		BFB3C01922C637C700615E6E /* ViewTwoContainerViewController.swift */ = {isa = PBXFileReference; lastKnownFileType = sourcecode.swift; path = ViewTwoContainerViewController.swift; sourceTree = "<group>"; };
		BFB3C01B22C637F000615E6E /* ViewTwoContainer.storyboard */ = {isa = PBXFileReference; lastKnownFileType = file.storyboard; path = ViewTwoContainer.storyboard; sourceTree = "<group>"; };
		BFB3C02022C639F400615E6E /* ViewOneAlphaViewController.swift */ = {isa = PBXFileReference; lastKnownFileType = sourcecode.swift; path = ViewOneAlphaViewController.swift; sourceTree = "<group>"; };
		BFB3C02222C63A0B00615E6E /* ViewOneAlpha.storyboard */ = {isa = PBXFileReference; lastKnownFileType = file.storyboard; path = ViewOneAlpha.storyboard; sourceTree = "<group>"; };
		BFB3C02522C63C6600615E6E /* ViewTwoBravo.storyboard */ = {isa = PBXFileReference; lastKnownFileType = file.storyboard; path = ViewTwoBravo.storyboard; sourceTree = "<group>"; };
		BFB3C02722C63C7900615E6E /* ViewTwoBravoViewController.swift */ = {isa = PBXFileReference; lastKnownFileType = sourcecode.swift; path = ViewTwoBravoViewController.swift; sourceTree = "<group>"; };
		BFB3C02A22C63CC500615E6E /* ViewTwoAlpha.storyboard */ = {isa = PBXFileReference; lastKnownFileType = file.storyboard; path = ViewTwoAlpha.storyboard; sourceTree = "<group>"; };
		BFB3C02C22C63CE000615E6E /* ViewTwoAlphaViewController.swift */ = {isa = PBXFileReference; lastKnownFileType = sourcecode.swift; path = ViewTwoAlphaViewController.swift; sourceTree = "<group>"; };
		BFB3C03322C6428E00615E6E /* PageOne.storyboard */ = {isa = PBXFileReference; lastKnownFileType = file.storyboard; path = PageOne.storyboard; sourceTree = "<group>"; };
		BFB3C03522C6429B00615E6E /* PageTwo.storyboard */ = {isa = PBXFileReference; lastKnownFileType = file.storyboard; path = PageTwo.storyboard; sourceTree = "<group>"; };
		BFB3C03722C642A600615E6E /* PageThree.storyboard */ = {isa = PBXFileReference; lastKnownFileType = file.storyboard; path = PageThree.storyboard; sourceTree = "<group>"; };
		BFB3C03922C642B300615E6E /* PageOneViewController.swift */ = {isa = PBXFileReference; lastKnownFileType = sourcecode.swift; path = PageOneViewController.swift; sourceTree = "<group>"; };
		BFB3C03D22C642CB00615E6E /* PageThreeViewController.swift */ = {isa = PBXFileReference; lastKnownFileType = sourcecode.swift; path = PageThreeViewController.swift; sourceTree = "<group>"; };
		BFB3C03F22C6438E00615E6E /* PageTwoTableViewController.swift */ = {isa = PBXFileReference; lastKnownFileType = sourcecode.swift; path = PageTwoTableViewController.swift; sourceTree = "<group>"; };
		BFB3C04422C64B9900615E6E /* ViewThreeContainer.storyboard */ = {isa = PBXFileReference; lastKnownFileType = file.storyboard; path = ViewThreeContainer.storyboard; sourceTree = "<group>"; };
		BFB3C04822C64BF300615E6E /* ViewThreeContainerViewController.swift */ = {isa = PBXFileReference; lastKnownFileType = sourcecode.swift; path = ViewThreeContainerViewController.swift; sourceTree = "<group>"; };
		BFB3C04A22C64C2100615E6E /* ViewFourContainer.storyboard */ = {isa = PBXFileReference; lastKnownFileType = file.storyboard; path = ViewFourContainer.storyboard; sourceTree = "<group>"; };
		BFB3C04C22C64C3200615E6E /* ViewFourContainerViewController.swift */ = {isa = PBXFileReference; lastKnownFileType = sourcecode.swift; path = ViewFourContainerViewController.swift; sourceTree = "<group>"; };
		BFB3C04E22C64C6400615E6E /* ViewFiveContainer.storyboard */ = {isa = PBXFileReference; lastKnownFileType = file.storyboard; path = ViewFiveContainer.storyboard; sourceTree = "<group>"; };
		BFB3C05022C64C7200615E6E /* ViewFiveContainerViewController.swift */ = {isa = PBXFileReference; lastKnownFileType = sourcecode.swift; path = ViewFiveContainerViewController.swift; sourceTree = "<group>"; };
/* End PBXFileReference section */

/* Begin PBXFrameworksBuildPhase section */
		BFB3BFAD22C630C400615E6E /* Frameworks */ = {
			isa = PBXFrameworksBuildPhase;
			buildActionMask = 2147483647;
			files = (
			);
			runOnlyForDeploymentPostprocessing = 0;
		};
		BFB3BFC422C630C600615E6E /* Frameworks */ = {
			isa = PBXFrameworksBuildPhase;
			buildActionMask = 2147483647;
			files = (
			);
			runOnlyForDeploymentPostprocessing = 0;
		};
		BFB3BFCF22C630C600615E6E /* Frameworks */ = {
			isa = PBXFrameworksBuildPhase;
			buildActionMask = 2147483647;
			files = (
			);
			runOnlyForDeploymentPostprocessing = 0;
		};
/* End PBXFrameworksBuildPhase section */

/* Begin PBXGroup section */
		BFB3BFA722C630C400615E6E = {
			isa = PBXGroup;
			children = (
				BFB3BFB222C630C400615E6E /* Peter's Project */,
				BFB3BFE522C6312A00615E6E /* Data Models */,
				BFB3BFE722C6318400615E6E /* Core Data */,
				BFB3BFCA22C630C600615E6E /* Peter's ProjectTests */,
				BFB3BFD522C630C600615E6E /* Peter's ProjectUITests */,
				BFB3BFB122C630C400615E6E /* Products */,
				BFB3BFE422C6311800615E6E /* Resources */,
			);
			sourceTree = "<group>";
		};
		BFB3BFB122C630C400615E6E /* Products */ = {
			isa = PBXGroup;
			children = (
				BFB3BFB022C630C400615E6E /* Peter's Project.app */,
				BFB3BFC722C630C600615E6E /* Peter's ProjectTests.xctest */,
				BFB3BFD222C630C600615E6E /* Peter's ProjectUITests.xctest */,
			);
			name = Products;
			sourceTree = "<group>";
		};
		BFB3BFB222C630C400615E6E /* Peter's Project */ = {
			isa = PBXGroup;
			children = (
				BFB3BFE622C6315600615E6E /* Master View */,
				BFB3C02E22C641E500615E6E /* Main Views */,
				BFB3C02F22C6422000615E6E /* Page View Views */,
				BFB3BFF722C6340100615E6E /* Tab Bar Views */,
				BFB3BFB322C630C400615E6E /* AppDelegate.swift */,
				BFB3BFBD22C630C600615E6E /* Assets.xcassets */,
				BFB3BFBF22C630C600615E6E /* LaunchScreen.storyboard */,
				BFB3BFC222C630C600615E6E /* Info.plist */,
			);
			path = "Peter's Project";
			sourceTree = "<group>";
		};
		BFB3BFCA22C630C600615E6E /* Peter's ProjectTests */ = {
			isa = PBXGroup;
			children = (
				BFB3BFCB22C630C600615E6E /* Peter_s_ProjectTests.swift */,
				BFB3BFCD22C630C600615E6E /* Info.plist */,
			);
			path = "Peter's ProjectTests";
			sourceTree = "<group>";
		};
		BFB3BFD522C630C600615E6E /* Peter's ProjectUITests */ = {
			isa = PBXGroup;
			children = (
				BFB3BFD622C630C600615E6E /* Peter_s_ProjectUITests.swift */,
				BFB3BFD822C630C600615E6E /* Info.plist */,
			);
			path = "Peter's ProjectUITests";
			sourceTree = "<group>";
		};
		BFB3BFE422C6311800615E6E /* Resources */ = {
			isa = PBXGroup;
			children = (
			);
			path = Resources;
			sourceTree = "<group>";
		};
		BFB3BFE522C6312A00615E6E /* Data Models */ = {
			isa = PBXGroup;
			children = (
				BFB3BFBA22C630C400615E6E /* Peter_s_Project.xcdatamodeld */,
			);
			path = "Data Models";
			sourceTree = "<group>";
		};
		BFB3BFE622C6315600615E6E /* Master View */ = {
			isa = PBXGroup;
			children = (
				BFB3BFB722C630C400615E6E /* MasterView.storyboard */,
				BFB3BFB522C630C400615E6E /* MasterViewController.swift */,
			);
			path = "Master View";
			sourceTree = "<group>";
		};
		BFB3BFE722C6318400615E6E /* Core Data */ = {
			isa = PBXGroup;
			children = (
			);
			path = "Core Data";
			sourceTree = "<group>";
		};
		BFB3BFE822C632E400615E6E /* View 1 */ = {
			isa = PBXGroup;
			children = (
				BFB3BFED22C6333F00615E6E /* ViewOne.storyboard */,
				BFB3C00E22C6354D00615E6E /* ViewOneViewController.swift */,
			);
			path = "View 1";
			sourceTree = "<group>";
		};
		BFB3BFE922C632EF00615E6E /* View 2 */ = {
			isa = PBXGroup;
			children = (
				BFB3BFEF22C6337A00615E6E /* ViewTwo.storyboard */,
				BFB3C01022C6355B00615E6E /* ViewTwoViewController.swift */,
			);
			path = "View 2";
			sourceTree = "<group>";
		};
		BFB3BFEA22C632FB00615E6E /* View 3 */ = {
			isa = PBXGroup;
			children = (
				BFB3BFF122C6338800615E6E /* ViewThree.storyboard */,
				BFB3C01222C6356600615E6E /* ViewThreeViewController.swift */,
			);
			path = "View 3";
			sourceTree = "<group>";
		};
		BFB3BFEB22C6330400615E6E /* View 4 */ = {
			isa = PBXGroup;
			children = (
				BFB3BFF322C6339300615E6E /* ViewFour.storyboard */,
				BFB3C01422C6357200615E6E /* ViewFourViewController.swift */,
			);
			path = "View 4";
			sourceTree = "<group>";
		};
		BFB3BFEC22C6330F00615E6E /* View 5 */ = {
			isa = PBXGroup;
			children = (
				BFB3BFF522C633A200615E6E /* ViewFive.storyboard */,
				BFB3C01622C6357D00615E6E /* ViewFiveViewController.swift */,
			);
			path = "View 5";
			sourceTree = "<group>";
		};
		BFB3BFF722C6340100615E6E /* Tab Bar Views */ = {
			isa = PBXGroup;
			children = (
				BFB3BFF822C6343A00615E6E /* Tab View A */,
				BFB3BFFB22C6346800615E6E /* Tab View B */,
				BFB3BFFA22C6345200615E6E /* Tab View C */,
				BFB3BFF922C6344B00615E6E /* Tab View D */,
			);
			path = "Tab Bar Views";
			sourceTree = "<group>";
		};
		BFB3BFF822C6343A00615E6E /* Tab View A */ = {
			isa = PBXGroup;
			children = (
				BFB3BFFC22C6348E00615E6E /* TabViewA.storyboard */,
				BFB3C00822C634F900615E6E /* TabViewAViewController.swift */,
			);
			path = "Tab View A";
			sourceTree = "<group>";
		};
		BFB3BFF922C6344B00615E6E /* Tab View D */ = {
			isa = PBXGroup;
			children = (
				BFB3C00222C634B000615E6E /* TabViewD.storyboard */,
				BFB3C00C22C6351400615E6E /* TabViewDViewController.swift */,
			);
			path = "Tab View D";
			sourceTree = "<group>";
		};
		BFB3BFFA22C6345200615E6E /* Tab View C */ = {
			isa = PBXGroup;
			children = (
				BFB3C00022C634A500615E6E /* TabViewC.storyboard */,
				BFB3C00A22C6350700615E6E /* TabViewCViewController.swift */,
			);
			path = "Tab View C";
			sourceTree = "<group>";
		};
		BFB3BFFB22C6346800615E6E /* Tab View B */ = {
			isa = PBXGroup;
			children = (
				BFB3BFFE22C6349C00615E6E /* TabViewB.storyboard */,
				BFB3C00622C634E800615E6E /* TabViewBViewController.swift */,
			);
			path = "Tab View B";
			sourceTree = "<group>";
		};
		BFB3C01822C6379200615E6E /* View 2 Container */ = {
			isa = PBXGroup;
			children = (
				BFB3C01B22C637F000615E6E /* ViewTwoContainer.storyboard */,
				BFB3C01922C637C700615E6E /* ViewTwoContainerViewController.swift */,
			);
			path = "View 2 Container";
			sourceTree = "<group>";
		};
		BFB3C01D22C639A200615E6E /* View 1a */ = {
			isa = PBXGroup;
			children = (
				BFB3C02222C63A0B00615E6E /* ViewOneAlpha.storyboard */,
				BFB3C02022C639F400615E6E /* ViewOneAlphaViewController.swift */,
			);
			path = "View 1a";
			sourceTree = "<group>";
		};
		BFB3C02422C63C4800615E6E /* View 2b */ = {
			isa = PBXGroup;
			children = (
				BFB3C02522C63C6600615E6E /* ViewTwoBravo.storyboard */,
				BFB3C02722C63C7900615E6E /* ViewTwoBravoViewController.swift */,
			);
			path = "View 2b";
			sourceTree = "<group>";
		};
		BFB3C02922C63CA800615E6E /* View 2a */ = {
			isa = PBXGroup;
			children = (
				BFB3C02A22C63CC500615E6E /* ViewTwoAlpha.storyboard */,
				BFB3C02C22C63CE000615E6E /* ViewTwoAlphaViewController.swift */,
			);
			path = "View 2a";
			sourceTree = "<group>";
		};
		BFB3C02E22C641E500615E6E /* Main Views */ = {
			isa = PBXGroup;
			children = (
				BFB3BFE822C632E400615E6E /* View 1 */,
				BFB3C01D22C639A200615E6E /* View 1a */,
				BFB3BFE922C632EF00615E6E /* View 2 */,
				BFB3C01822C6379200615E6E /* View 2 Container */,
				BFB3C02922C63CA800615E6E /* View 2a */,
				BFB3C02422C63C4800615E6E /* View 2b */,
				BFB3BFEA22C632FB00615E6E /* View 3 */,
				BFB3C04122C64B2700615E6E /* View 3 Container */,
				BFB3BFEB22C6330400615E6E /* View 4 */,
				BFB3C04222C64B3000615E6E /* View 4 Container */,
				BFB3BFEC22C6330F00615E6E /* View 5 */,
				BFB3C04322C64B3800615E6E /* View 5 Container */,
			);
			path = "Main Views";
			sourceTree = "<group>";
		};
		BFB3C02F22C6422000615E6E /* Page View Views */ = {
			isa = PBXGroup;
			children = (
				BFB3C03022C6423E00615E6E /* Page 1 View */,
				BFB3C03122C6425A00615E6E /* Page 2 View */,
				BFB3C03222C6426100615E6E /* Page 3 View */,
			);
			path = "Page View Views";
			sourceTree = "<group>";
		};
		BFB3C03022C6423E00615E6E /* Page 1 View */ = {
			isa = PBXGroup;
			children = (
				BFB3C03322C6428E00615E6E /* PageOne.storyboard */,
				BFB3C03922C642B300615E6E /* PageOneViewController.swift */,
			);
			path = "Page 1 View";
			sourceTree = "<group>";
		};
		BFB3C03122C6425A00615E6E /* Page 2 View */ = {
			isa = PBXGroup;
			children = (
				BFB3C03522C6429B00615E6E /* PageTwo.storyboard */,
				BFB3C03F22C6438E00615E6E /* PageTwoTableViewController.swift */,
			);
			path = "Page 2 View";
			sourceTree = "<group>";
		};
		BFB3C03222C6426100615E6E /* Page 3 View */ = {
			isa = PBXGroup;
			children = (
				BFB3C03722C642A600615E6E /* PageThree.storyboard */,
				BFB3C03D22C642CB00615E6E /* PageThreeViewController.swift */,
			);
			path = "Page 3 View";
			sourceTree = "<group>";
		};
		BFB3C04122C64B2700615E6E /* View 3 Container */ = {
			isa = PBXGroup;
			children = (
				BFB3C04422C64B9900615E6E /* ViewThreeContainer.storyboard */,
				BFB3C04822C64BF300615E6E /* ViewThreeContainerViewController.swift */,
			);
			path = "View 3 Container";
			sourceTree = "<group>";
		};
		BFB3C04222C64B3000615E6E /* View 4 Container */ = {
			isa = PBXGroup;
			children = (
				BFB3C04A22C64C2100615E6E /* ViewFourContainer.storyboard */,
				BFB3C04C22C64C3200615E6E /* ViewFourContainerViewController.swift */,
			);
			path = "View 4 Container";
			sourceTree = "<group>";
		};
		BFB3C04322C64B3800615E6E /* View 5 Container */ = {
			isa = PBXGroup;
			children = (
				BFB3C04E22C64C6400615E6E /* ViewFiveContainer.storyboard */,
				BFB3C05022C64C7200615E6E /* ViewFiveContainerViewController.swift */,
			);
			path = "View 5 Container";
			sourceTree = "<group>";
		};
/* End PBXGroup section */

/* Begin PBXNativeTarget section */
		BFB3BFAF22C630C400615E6E /* Peter's Project */ = {
			isa = PBXNativeTarget;
			buildConfigurationList = BFB3BFDB22C630C600615E6E /* Build configuration list for PBXNativeTarget "Peter's Project" */;
			buildPhases = (
				BFB3BFAC22C630C400615E6E /* Sources */,
				BFB3BFAD22C630C400615E6E /* Frameworks */,
				BFB3BFAE22C630C400615E6E /* Resources */,
			);
			buildRules = (
			);
			dependencies = (
			);
			name = "Peter's Project";
			productName = "Peter's Project";
			productReference = BFB3BFB022C630C400615E6E /* Peter's Project.app */;
			productType = "com.apple.product-type.application";
		};
		BFB3BFC622C630C600615E6E /* Peter's ProjectTests */ = {
			isa = PBXNativeTarget;
			buildConfigurationList = BFB3BFDE22C630C600615E6E /* Build configuration list for PBXNativeTarget "Peter's ProjectTests" */;
			buildPhases = (
				BFB3BFC322C630C600615E6E /* Sources */,
				BFB3BFC422C630C600615E6E /* Frameworks */,
				BFB3BFC522C630C600615E6E /* Resources */,
			);
			buildRules = (
			);
			dependencies = (
				BFB3BFC922C630C600615E6E /* PBXTargetDependency */,
			);
			name = "Peter's ProjectTests";
			productName = "Peter's ProjectTests";
			productReference = BFB3BFC722C630C600615E6E /* Peter's ProjectTests.xctest */;
			productType = "com.apple.product-type.bundle.unit-test";
		};
		BFB3BFD122C630C600615E6E /* Peter's ProjectUITests */ = {
			isa = PBXNativeTarget;
			buildConfigurationList = BFB3BFE122C630C600615E6E /* Build configuration list for PBXNativeTarget "Peter's ProjectUITests" */;
			buildPhases = (
				BFB3BFCE22C630C600615E6E /* Sources */,
				BFB3BFCF22C630C600615E6E /* Frameworks */,
				BFB3BFD022C630C600615E6E /* Resources */,
			);
			buildRules = (
			);
			dependencies = (
				BFB3BFD422C630C600615E6E /* PBXTargetDependency */,
			);
			name = "Peter's ProjectUITests";
			productName = "Peter's ProjectUITests";
			productReference = BFB3BFD222C630C600615E6E /* Peter's ProjectUITests.xctest */;
			productType = "com.apple.product-type.bundle.ui-testing";
		};
/* End PBXNativeTarget section */

/* Begin PBXProject section */
		BFB3BFA822C630C400615E6E /* Project object */ = {
			isa = PBXProject;
			attributes = {
				LastSwiftUpdateCheck = 1020;
				LastUpgradeCheck = 1020;
				ORGANIZATIONNAME = "Peter Sirany";
				TargetAttributes = {
					BFB3BFAF22C630C400615E6E = {
						CreatedOnToolsVersion = 10.2.1;
					};
					BFB3BFC622C630C600615E6E = {
						CreatedOnToolsVersion = 10.2.1;
						TestTargetID = BFB3BFAF22C630C400615E6E;
					};
					BFB3BFD122C630C600615E6E = {
						CreatedOnToolsVersion = 10.2.1;
						TestTargetID = BFB3BFAF22C630C400615E6E;
					};
				};
			};
			buildConfigurationList = BFB3BFAB22C630C400615E6E /* Build configuration list for PBXProject "Peter's Project" */;
			compatibilityVersion = "Xcode 9.3";
			developmentRegion = en;
			hasScannedForEncodings = 0;
			knownRegions = (
				en,
				Base,
			);
			mainGroup = BFB3BFA722C630C400615E6E;
			productRefGroup = BFB3BFB122C630C400615E6E /* Products */;
			projectDirPath = "";
			projectRoot = "";
			targets = (
				BFB3BFAF22C630C400615E6E /* Peter's Project */,
				BFB3BFC622C630C600615E6E /* Peter's ProjectTests */,
				BFB3BFD122C630C600615E6E /* Peter's ProjectUITests */,
			);
		};
/* End PBXProject section */

/* Begin PBXResourcesBuildPhase section */
		BFB3BFAE22C630C400615E6E /* Resources */ = {
			isa = PBXResourcesBuildPhase;
			buildActionMask = 2147483647;
			files = (
				BFB3C03822C642A600615E6E /* PageThree.storyboard in Resources */,
				BFB3BFF422C6339300615E6E /* ViewFour.storyboard in Resources */,
				BFB3C04522C64B9900615E6E /* ViewThreeContainer.storyboard in Resources */,
				BFB3BFF022C6337A00615E6E /* ViewTwo.storyboard in Resources */,
				BFB3C00122C634A500615E6E /* TabViewC.storyboard in Resources */,
				BFB3BFF622C633A200615E6E /* ViewFive.storyboard in Resources */,
				BFB3C03422C6428E00615E6E /* PageOne.storyboard in Resources */,
				BFB3BFC122C630C600615E6E /* LaunchScreen.storyboard in Resources */,
				BFB3BFEE22C6333F00615E6E /* ViewOne.storyboard in Resources */,
				BFB3BFFF22C6349C00615E6E /* TabViewB.storyboard in Resources */,
				BFB3BFF222C6338800615E6E /* ViewThree.storyboard in Resources */,
				BFB3C04B22C64C2100615E6E /* ViewFourContainer.storyboard in Resources */,
				BFB3BFBE22C630C600615E6E /* Assets.xcassets in Resources */,
				BFB3C04F22C64C6400615E6E /* ViewFiveContainer.storyboard in Resources */,
				BFB3C02B22C63CC500615E6E /* ViewTwoAlpha.storyboard in Resources */,
				BFB3BFB922C630C400615E6E /* MasterView.storyboard in Resources */,
				BFB3C01C22C637F000615E6E /* ViewTwoContainer.storyboard in Resources */,
				BFB3BFFD22C6348E00615E6E /* TabViewA.storyboard in Resources */,
				BFB3C02322C63A0B00615E6E /* ViewOneAlpha.storyboard in Resources */,
				BFB3C02622C63C6600615E6E /* ViewTwoBravo.storyboard in Resources */,
				BFB3C03622C6429C00615E6E /* PageTwo.storyboard in Resources */,
				BFB3C00322C634B000615E6E /* TabViewD.storyboard in Resources */,
			);
			runOnlyForDeploymentPostprocessing = 0;
		};
		BFB3BFC522C630C600615E6E /* Resources */ = {
			isa = PBXResourcesBuildPhase;
			buildActionMask = 2147483647;
			files = (
			);
			runOnlyForDeploymentPostprocessing = 0;
		};
		BFB3BFD022C630C600615E6E /* Resources */ = {
			isa = PBXResourcesBuildPhase;
			buildActionMask = 2147483647;
			files = (
			);
			runOnlyForDeploymentPostprocessing = 0;
		};
/* End PBXResourcesBuildPhase section */

/* Begin PBXSourcesBuildPhase section */
		BFB3BFAC22C630C400615E6E /* Sources */ = {
			isa = PBXSourcesBuildPhase;
			buildActionMask = 2147483647;
			files = (
				BFB3C01322C6356600615E6E /* ViewThreeViewController.swift in Sources */,
				BFB3C00922C634F900615E6E /* TabViewAViewController.swift in Sources */,
				BFB3C04922C64BF300615E6E /* ViewThreeContainerViewController.swift in Sources */,
				BFB3BFBC22C630C400615E6E /* Peter_s_Project.xcdatamodeld in Sources */,
				BFB3C00F22C6354D00615E6E /* ViewOneViewController.swift in Sources */,
				BFB3C02122C639F400615E6E /* ViewOneAlphaViewController.swift in Sources */,
				BFB3C01A22C637C700615E6E /* ViewTwoContainerViewController.swift in Sources */,
				BFB3C04D22C64C3200615E6E /* ViewFourContainerViewController.swift in Sources */,
				BFB3C00722C634E800615E6E /* TabViewBViewController.swift in Sources */,
				BFB3C00B22C6350700615E6E /* TabViewCViewController.swift in Sources */,
				BFB3C01122C6355B00615E6E /* ViewTwoViewController.swift in Sources */,
				BFB3C04022C6438E00615E6E /* PageTwoTableViewController.swift in Sources */,
				BFB3BFB622C630C400615E6E /* MasterViewController.swift in Sources */,
				BFB3C02D22C63CE000615E6E /* ViewTwoAlphaViewController.swift in Sources */,
				BFB3C00D22C6351400615E6E /* TabViewDViewController.swift in Sources */,
				BFB3C03A22C642B300615E6E /* PageOneViewController.swift in Sources */,
				BFB3C02822C63C7900615E6E /* ViewTwoBravoViewController.swift in Sources */,
				BFB3C05122C64C7200615E6E /* ViewFiveContainerViewController.swift in Sources */,
				BFB3C01522C6357200615E6E /* ViewFourViewController.swift in Sources */,
				BFB3BFB422C630C400615E6E /* AppDelegate.swift in Sources */,
				BFB3C03E22C642CB00615E6E /* PageThreeViewController.swift in Sources */,
				BFB3C01722C6357D00615E6E /* ViewFiveViewController.swift in Sources */,
			);
			runOnlyForDeploymentPostprocessing = 0;
		};
		BFB3BFC322C630C600615E6E /* Sources */ = {
			isa = PBXSourcesBuildPhase;
			buildActionMask = 2147483647;
			files = (
				BFB3BFCC22C630C600615E6E /* Peter_s_ProjectTests.swift in Sources */,
			);
			runOnlyForDeploymentPostprocessing = 0;
		};
		BFB3BFCE22C630C600615E6E /* Sources */ = {
			isa = PBXSourcesBuildPhase;
			buildActionMask = 2147483647;
			files = (
				BFB3BFD722C630C600615E6E /* Peter_s_ProjectUITests.swift in Sources */,
			);
			runOnlyForDeploymentPostprocessing = 0;
		};
/* End PBXSourcesBuildPhase section */

/* Begin PBXTargetDependency section */
		BFB3BFC922C630C600615E6E /* PBXTargetDependency */ = {
			isa = PBXTargetDependency;
			target = BFB3BFAF22C630C400615E6E /* Peter's Project */;
			targetProxy = BFB3BFC822C630C600615E6E /* PBXContainerItemProxy */;
		};
		BFB3BFD422C630C600615E6E /* PBXTargetDependency */ = {
			isa = PBXTargetDependency;
			target = BFB3BFAF22C630C400615E6E /* Peter's Project */;
			targetProxy = BFB3BFD322C630C600615E6E /* PBXContainerItemProxy */;
		};
/* End PBXTargetDependency section */

/* Begin PBXVariantGroup section */
		BFB3BFB722C630C400615E6E /* MasterView.storyboard */ = {
			isa = PBXVariantGroup;
			children = (
				BFB3BFB822C630C400615E6E /* Base */,
			);
			name = MasterView.storyboard;
			sourceTree = "<group>";
		};
		BFB3BFBF22C630C600615E6E /* LaunchScreen.storyboard */ = {
			isa = PBXVariantGroup;
			children = (
				BFB3BFC022C630C600615E6E /* Base */,
			);
			name = LaunchScreen.storyboard;
			sourceTree = "<group>";
		};
/* End PBXVariantGroup section */

/* Begin XCBuildConfiguration section */
		BFB3BFD922C630C600615E6E /* Debug */ = {
			isa = XCBuildConfiguration;
			buildSettings = {
				ALWAYS_SEARCH_USER_PATHS = NO;
				CLANG_ANALYZER_NONNULL = YES;
				CLANG_ANALYZER_NUMBER_OBJECT_CONVERSION = YES_AGGRESSIVE;
				CLANG_CXX_LANGUAGE_STANDARD = "gnu++14";
				CLANG_CXX_LIBRARY = "libc++";
				CLANG_ENABLE_MODULES = YES;
				CLANG_ENABLE_OBJC_ARC = YES;
				CLANG_ENABLE_OBJC_WEAK = YES;
				CLANG_WARN_BLOCK_CAPTURE_AUTORELEASING = YES;
				CLANG_WARN_BOOL_CONVERSION = YES;
				CLANG_WARN_COMMA = YES;
				CLANG_WARN_CONSTANT_CONVERSION = YES;
				CLANG_WARN_DEPRECATED_OBJC_IMPLEMENTATIONS = YES;
				CLANG_WARN_DIRECT_OBJC_ISA_USAGE = YES_ERROR;
				CLANG_WARN_DOCUMENTATION_COMMENTS = YES;
				CLANG_WARN_EMPTY_BODY = YES;
				CLANG_WARN_ENUM_CONVERSION = YES;
				CLANG_WARN_INFINITE_RECURSION = YES;
				CLANG_WARN_INT_CONVERSION = YES;
				CLANG_WARN_NON_LITERAL_NULL_CONVERSION = YES;
				CLANG_WARN_OBJC_IMPLICIT_RETAIN_SELF = YES;
				CLANG_WARN_OBJC_LITERAL_CONVERSION = YES;
				CLANG_WARN_OBJC_ROOT_CLASS = YES_ERROR;
				CLANG_WARN_RANGE_LOOP_ANALYSIS = YES;
				CLANG_WARN_STRICT_PROTOTYPES = YES;
				CLANG_WARN_SUSPICIOUS_MOVE = YES;
				CLANG_WARN_UNGUARDED_AVAILABILITY = YES_AGGRESSIVE;
				CLANG_WARN_UNREACHABLE_CODE = YES;
				CLANG_WARN__DUPLICATE_METHOD_MATCH = YES;
				CODE_SIGN_IDENTITY = "iPhone Developer";
				COPY_PHASE_STRIP = NO;
				DEBUG_INFORMATION_FORMAT = dwarf;
				ENABLE_STRICT_OBJC_MSGSEND = YES;
				ENABLE_TESTABILITY = YES;
				GCC_C_LANGUAGE_STANDARD = gnu11;
				GCC_DYNAMIC_NO_PIC = NO;
				GCC_NO_COMMON_BLOCKS = YES;
				GCC_OPTIMIZATION_LEVEL = 0;
				GCC_PREPROCESSOR_DEFINITIONS = (
					"DEBUG=1",
					"$(inherited)",
				);
				GCC_WARN_64_TO_32_BIT_CONVERSION = YES;
				GCC_WARN_ABOUT_RETURN_TYPE = YES_ERROR;
				GCC_WARN_UNDECLARED_SELECTOR = YES;
				GCC_WARN_UNINITIALIZED_AUTOS = YES_AGGRESSIVE;
				GCC_WARN_UNUSED_FUNCTION = YES;
				GCC_WARN_UNUSED_VARIABLE = YES;
				IPHONEOS_DEPLOYMENT_TARGET = 12.2;
				MTL_ENABLE_DEBUG_INFO = INCLUDE_SOURCE;
				MTL_FAST_MATH = YES;
				ONLY_ACTIVE_ARCH = YES;
				SDKROOT = iphoneos;
				SWIFT_ACTIVE_COMPILATION_CONDITIONS = DEBUG;
				SWIFT_OPTIMIZATION_LEVEL = "-Onone";
			};
			name = Debug;
		};
		BFB3BFDA22C630C600615E6E /* Release */ = {
			isa = XCBuildConfiguration;
			buildSettings = {
				ALWAYS_SEARCH_USER_PATHS = NO;
				CLANG_ANALYZER_NONNULL = YES;
				CLANG_ANALYZER_NUMBER_OBJECT_CONVERSION = YES_AGGRESSIVE;
				CLANG_CXX_LANGUAGE_STANDARD = "gnu++14";
				CLANG_CXX_LIBRARY = "libc++";
				CLANG_ENABLE_MODULES = YES;
				CLANG_ENABLE_OBJC_ARC = YES;
				CLANG_ENABLE_OBJC_WEAK = YES;
				CLANG_WARN_BLOCK_CAPTURE_AUTORELEASING = YES;
				CLANG_WARN_BOOL_CONVERSION = YES;
				CLANG_WARN_COMMA = YES;
				CLANG_WARN_CONSTANT_CONVERSION = YES;
				CLANG_WARN_DEPRECATED_OBJC_IMPLEMENTATIONS = YES;
				CLANG_WARN_DIRECT_OBJC_ISA_USAGE = YES_ERROR;
				CLANG_WARN_DOCUMENTATION_COMMENTS = YES;
				CLANG_WARN_EMPTY_BODY = YES;
				CLANG_WARN_ENUM_CONVERSION = YES;
				CLANG_WARN_INFINITE_RECURSION = YES;
				CLANG_WARN_INT_CONVERSION = YES;
				CLANG_WARN_NON_LITERAL_NULL_CONVERSION = YES;
				CLANG_WARN_OBJC_IMPLICIT_RETAIN_SELF = YES;
				CLANG_WARN_OBJC_LITERAL_CONVERSION = YES;
				CLANG_WARN_OBJC_ROOT_CLASS = YES_ERROR;
				CLANG_WARN_RANGE_LOOP_ANALYSIS = YES;
				CLANG_WARN_STRICT_PROTOTYPES = YES;
				CLANG_WARN_SUSPICIOUS_MOVE = YES;
				CLANG_WARN_UNGUARDED_AVAILABILITY = YES_AGGRESSIVE;
				CLANG_WARN_UNREACHABLE_CODE = YES;
				CLANG_WARN__DUPLICATE_METHOD_MATCH = YES;
				CODE_SIGN_IDENTITY = "iPhone Developer";
				COPY_PHASE_STRIP = NO;
				DEBUG_INFORMATION_FORMAT = "dwarf-with-dsym";
				ENABLE_NS_ASSERTIONS = NO;
				ENABLE_STRICT_OBJC_MSGSEND = YES;
				GCC_C_LANGUAGE_STANDARD = gnu11;
				GCC_NO_COMMON_BLOCKS = YES;
				GCC_WARN_64_TO_32_BIT_CONVERSION = YES;
				GCC_WARN_ABOUT_RETURN_TYPE = YES_ERROR;
				GCC_WARN_UNDECLARED_SELECTOR = YES;
				GCC_WARN_UNINITIALIZED_AUTOS = YES_AGGRESSIVE;
				GCC_WARN_UNUSED_FUNCTION = YES;
				GCC_WARN_UNUSED_VARIABLE = YES;
				IPHONEOS_DEPLOYMENT_TARGET = 12.2;
				MTL_ENABLE_DEBUG_INFO = NO;
				MTL_FAST_MATH = YES;
				SDKROOT = iphoneos;
				SWIFT_COMPILATION_MODE = wholemodule;
				SWIFT_OPTIMIZATION_LEVEL = "-O";
				VALIDATE_PRODUCT = YES;
			};
			name = Release;
		};
		BFB3BFDC22C630C600615E6E /* Debug */ = {
			isa = XCBuildConfiguration;
			buildSettings = {
				ASSETCATALOG_COMPILER_APPICON_NAME = AppIcon;
				CODE_SIGN_STYLE = Automatic;
				DEVELOPMENT_TEAM = 92E2GJM9KU;
				INFOPLIST_FILE = "Peter's Project/Info.plist";
				IPHONEOS_DEPLOYMENT_TARGET = 10.3;
				LD_RUNPATH_SEARCH_PATHS = (
					"$(inherited)",
					"@executable_path/Frameworks",
				);
				PRODUCT_BUNDLE_IDENTIFIER = "pilotefc.Peter-s-Project";
				PRODUCT_NAME = "$(TARGET_NAME)";
				SWIFT_VERSION = 5.0;
				TARGETED_DEVICE_FAMILY = "1,2";
			};
			name = Debug;
		};
		BFB3BFDD22C630C600615E6E /* Release */ = {
			isa = XCBuildConfiguration;
			buildSettings = {
				ASSETCATALOG_COMPILER_APPICON_NAME = AppIcon;
				CODE_SIGN_STYLE = Automatic;
				DEVELOPMENT_TEAM = 92E2GJM9KU;
				INFOPLIST_FILE = "Peter's Project/Info.plist";
				IPHONEOS_DEPLOYMENT_TARGET = 10.3;
				LD_RUNPATH_SEARCH_PATHS = (
					"$(inherited)",
					"@executable_path/Frameworks",
				);
				PRODUCT_BUNDLE_IDENTIFIER = "pilotefc.Peter-s-Project";
				PRODUCT_NAME = "$(TARGET_NAME)";
				SWIFT_VERSION = 5.0;
				TARGETED_DEVICE_FAMILY = "1,2";
			};
			name = Release;
		};
		BFB3BFDF22C630C600615E6E /* Debug */ = {
			isa = XCBuildConfiguration;
			buildSettings = {
				ALWAYS_EMBED_SWIFT_STANDARD_LIBRARIES = YES;
				BUNDLE_LOADER = "$(TEST_HOST)";
				CODE_SIGN_STYLE = Automatic;
				DEVELOPMENT_TEAM = 92E2GJM9KU;
				INFOPLIST_FILE = "Peter's ProjectTests/Info.plist";
				LD_RUNPATH_SEARCH_PATHS = (
					"$(inherited)",
					"@executable_path/Frameworks",
					"@loader_path/Frameworks",
				);
				PRODUCT_BUNDLE_IDENTIFIER = "pilotefc.Peter-s-ProjectTests";
				PRODUCT_NAME = "$(TARGET_NAME)";
				SWIFT_VERSION = 5.0;
				TARGETED_DEVICE_FAMILY = "1,2";
				TEST_HOST = "$(BUILT_PRODUCTS_DIR)/Peter's Project.app/Peter's Project";
			};
			name = Debug;
		};
		BFB3BFE022C630C600615E6E /* Release */ = {
			isa = XCBuildConfiguration;
			buildSettings = {
				ALWAYS_EMBED_SWIFT_STANDARD_LIBRARIES = YES;
				BUNDLE_LOADER = "$(TEST_HOST)";
				CODE_SIGN_STYLE = Automatic;
				DEVELOPMENT_TEAM = 92E2GJM9KU;
				INFOPLIST_FILE = "Peter's ProjectTests/Info.plist";
				LD_RUNPATH_SEARCH_PATHS = (
					"$(inherited)",
					"@executable_path/Frameworks",
					"@loader_path/Frameworks",
				);
				PRODUCT_BUNDLE_IDENTIFIER = "pilotefc.Peter-s-ProjectTests";
				PRODUCT_NAME = "$(TARGET_NAME)";
				SWIFT_VERSION = 5.0;
				TARGETED_DEVICE_FAMILY = "1,2";
				TEST_HOST = "$(BUILT_PRODUCTS_DIR)/Peter's Project.app/Peter's Project";
			};
			name = Release;
		};
		BFB3BFE222C630C600615E6E /* Debug */ = {
			isa = XCBuildConfiguration;
			buildSettings = {
				ALWAYS_EMBED_SWIFT_STANDARD_LIBRARIES = YES;
				CODE_SIGN_STYLE = Automatic;
				DEVELOPMENT_TEAM = 92E2GJM9KU;
				INFOPLIST_FILE = "Peter's ProjectUITests/Info.plist";
				LD_RUNPATH_SEARCH_PATHS = (
					"$(inherited)",
					"@executable_path/Frameworks",
					"@loader_path/Frameworks",
				);
				PRODUCT_BUNDLE_IDENTIFIER = "pilotefc.Peter-s-ProjectUITests";
				PRODUCT_NAME = "$(TARGET_NAME)";
				SWIFT_VERSION = 5.0;
				TARGETED_DEVICE_FAMILY = "1,2";
				TEST_TARGET_NAME = "Peter's Project";
			};
			name = Debug;
		};
		BFB3BFE322C630C600615E6E /* Release */ = {
			isa = XCBuildConfiguration;
			buildSettings = {
				ALWAYS_EMBED_SWIFT_STANDARD_LIBRARIES = YES;
				CODE_SIGN_STYLE = Automatic;
				DEVELOPMENT_TEAM = 92E2GJM9KU;
				INFOPLIST_FILE = "Peter's ProjectUITests/Info.plist";
				LD_RUNPATH_SEARCH_PATHS = (
					"$(inherited)",
					"@executable_path/Frameworks",
					"@loader_path/Frameworks",
				);
				PRODUCT_BUNDLE_IDENTIFIER = "pilotefc.Peter-s-ProjectUITests";
				PRODUCT_NAME = "$(TARGET_NAME)";
				SWIFT_VERSION = 5.0;
				TARGETED_DEVICE_FAMILY = "1,2";
				TEST_TARGET_NAME = "Peter's Project";
			};
			name = Release;
		};
/* End XCBuildConfiguration section */

/* Begin XCConfigurationList section */
		BFB3BFAB22C630C400615E6E /* Build configuration list for PBXProject "Peter's Project" */ = {
			isa = XCConfigurationList;
			buildConfigurations = (
				BFB3BFD922C630C600615E6E /* Debug */,
				BFB3BFDA22C630C600615E6E /* Release */,
			);
			defaultConfigurationIsVisible = 0;
			defaultConfigurationName = Release;
		};
		BFB3BFDB22C630C600615E6E /* Build configuration list for PBXNativeTarget "Peter's Project" */ = {
			isa = XCConfigurationList;
			buildConfigurations = (
				BFB3BFDC22C630C600615E6E /* Debug */,
				BFB3BFDD22C630C600615E6E /* Release */,
			);
			defaultConfigurationIsVisible = 0;
			defaultConfigurationName = Release;
		};
		BFB3BFDE22C630C600615E6E /* Build configuration list for PBXNativeTarget "Peter's ProjectTests" */ = {
			isa = XCConfigurationList;
			buildConfigurations = (
				BFB3BFDF22C630C600615E6E /* Debug */,
				BFB3BFE022C630C600615E6E /* Release */,
			);
			defaultConfigurationIsVisible = 0;
			defaultConfigurationName = Release;
		};
		BFB3BFE122C630C600615E6E /* Build configuration list for PBXNativeTarget "Peter's ProjectUITests" */ = {
			isa = XCConfigurationList;
			buildConfigurations = (
				BFB3BFE222C630C600615E6E /* Debug */,
				BFB3BFE322C630C600615E6E /* Release */,
			);
			defaultConfigurationIsVisible = 0;
			defaultConfigurationName = Release;
		};
/* End XCConfigurationList section */

/* Begin XCVersionGroup section */
		BFB3BFBA22C630C400615E6E /* Peter_s_Project.xcdatamodeld */ = {
			isa = XCVersionGroup;
			children = (
				BFB3BFBB22C630C400615E6E /* Peter_s_Project.xcdatamodel */,
			);
			currentVersion = BFB3BFBB22C630C400615E6E /* Peter_s_Project.xcdatamodel */;
			path = Peter_s_Project.xcdatamodeld;
			sourceTree = "<group>";
			versionGroupType = wrapper.xcdatamodel;
		};
/* End XCVersionGroup section */
	};
	rootObject = BFB3BFA822C630C400615E6E /* Project object */;
}
